
Microsoft Visual Studio Solution File, Format Version 12.00
# Visual Studio Version 17
VisualStudioVersion = 17.2.32630.192
MinimumVisualStudioVersion = 10.0.40219.1
Project("{FAE04EC0-301F-11D3-BF4B-00C04F79EFBC}") = "Task_1_TABOO", "Task_1_TABOO\Task_1_TABOO.csproj", "{3DD2D52D-7223-4C38-A09E-5A3421C34D00}"
EndProject
Global
	GlobalSection(SolutionConfigurationPlatforms) = preSolution
		Debug|Any CPU = Debug|Any CPU
		Release|Any CPU = Release|Any CPU
	EndGlobalSection
	GlobalSection(ProjectConfigurationPlatforms) = postSolution
		{3DD2D52D-7223-4C38-A09E-5A3421C34D00}.Debug|Any CPU.ActiveCfg = Debug|Any CPU
		{3DD2D52D-7223-4C38-A09E-5A3421C34D00}.Debug|Any CPU.Build.0 = Debug|Any CPU
		{3DD2D52D-7223-4C38-A09E-5A3421C34D00}.Release|Any CPU.ActiveCfg = Release|Any CPU
		{3DD2D52D-7223-4C38-A09E-5A3421C34D00}.Release|Any CPU.Build.0 = Release|Any CPU
	EndGlobalSection
	GlobalSection(SolutionProperties) = preSolution
		HideSolutionNode = FALSE
	EndGlobalSection
	GlobalSection(ExtensibilityGlobals) = postSolution
		SolutionGuid = {7A15BED1-AB9E-4110-AC85-176418351212}
	EndGlobalSection
EndGlobal
