
Microsoft Visual Studio Solution File, Format Version 12.00
# Visual Studio Version 17
VisualStudioVersion = 17.3.32819.101
MinimumVisualStudioVersion = 10.0.40219.1
Project("{FAE04EC0-301F-11D3-BF4B-00C04F79EFBC}") = "ShokunHW9", "ShokunHW9.csproj", "{3EB05C90-A81E-4386-8CA4-6E72CE2C4E04}"
EndProject
Global
	GlobalSection(SolutionConfigurationPlatforms) = preSolution
		Debug|Any CPU = Debug|Any CPU
		Release|Any CPU = Release|Any CPU
	EndGlobalSection
	GlobalSection(ProjectConfigurationPlatforms) = postSolution
		{3EB05C90-A81E-4386-8CA4-6E72CE2C4E04}.Debug|Any CPU.ActiveCfg = Debug|Any CPU
		{3EB05C90-A81E-4386-8CA4-6E72CE2C4E04}.Debug|Any CPU.Build.0 = Debug|Any CPU
		{3EB05C90-A81E-4386-8CA4-6E72CE2C4E04}.Release|Any CPU.ActiveCfg = Release|Any CPU
		{3EB05C90-A81E-4386-8CA4-6E72CE2C4E04}.Release|Any CPU.Build.0 = Release|Any CPU
	EndGlobalSection
	GlobalSection(SolutionProperties) = preSolution
		HideSolutionNode = FALSE
	EndGlobalSection
	GlobalSection(ExtensibilityGlobals) = postSolution
		SolutionGuid = {10150C73-E134-4058-B30A-702ADF2EFBFF}
	EndGlobalSection
EndGlobal
