
Microsoft Visual Studio Solution File, Format Version 12.00
# Visual Studio Version 17
VisualStudioVersion = 17.3.32819.101
MinimumVisualStudioVersion = 10.0.40219.1
Project("{9A19103F-16F7-4668-BE54-9A1E7A4F7556}") = "ShokunHW10_1", "ShokunHW10_1.csproj", "{612DE956-6395-4F5D-9BD3-A1A936B4FC50}"
EndProject
Project("{FAE04EC0-301F-11D3-BF4B-00C04F79EFBC}") = "ShokunHW10Test", "..\ShokunHW10Test\ShokunHW10Test.csproj", "{777338A5-A061-42F8-B6B2-36287EE6F2EC}"
EndProject
Global
	GlobalSection(SolutionConfigurationPlatforms) = preSolution
		Debug|Any CPU = Debug|Any CPU
		Release|Any CPU = Release|Any CPU
	EndGlobalSection
	GlobalSection(ProjectConfigurationPlatforms) = postSolution
		{612DE956-6395-4F5D-9BD3-A1A936B4FC50}.Debug|Any CPU.ActiveCfg = Debug|Any CPU
		{612DE956-6395-4F5D-9BD3-A1A936B4FC50}.Debug|Any CPU.Build.0 = Debug|Any CPU
		{612DE956-6395-4F5D-9BD3-A1A936B4FC50}.Release|Any CPU.ActiveCfg = Release|Any CPU
		{612DE956-6395-4F5D-9BD3-A1A936B4FC50}.Release|Any CPU.Build.0 = Release|Any CPU
		{777338A5-A061-42F8-B6B2-36287EE6F2EC}.Debug|Any CPU.ActiveCfg = Debug|Any CPU
		{777338A5-A061-42F8-B6B2-36287EE6F2EC}.Debug|Any CPU.Build.0 = Debug|Any CPU
		{777338A5-A061-42F8-B6B2-36287EE6F2EC}.Release|Any CPU.ActiveCfg = Release|Any CPU
		{777338A5-A061-42F8-B6B2-36287EE6F2EC}.Release|Any CPU.Build.0 = Release|Any CPU
	EndGlobalSection
	GlobalSection(SolutionProperties) = preSolution
		HideSolutionNode = FALSE
	EndGlobalSection
	GlobalSection(ExtensibilityGlobals) = postSolution
		SolutionGuid = {2EA2713A-775A-498E-93E2-122C99D80194}
	EndGlobalSection
EndGlobal
