
Microsoft Visual Studio Solution File, Format Version 12.00
# Visual Studio Version 17
VisualStudioVersion = 17.2.32602.215
MinimumVisualStudioVersion = 10.0.40219.1
Project("{FAE04EC0-301F-11D3-BF4B-00C04F79EFBC}") = "OOP-HomeWork-1-Maximovich", "OOP-HomeWork-1-Maximovich\OOP-HomeWork-1-Maximovich.csproj", "{3F25FA29-5194-4C6E-8822-41D9A8624850}"
EndProject
Global
	GlobalSection(SolutionConfigurationPlatforms) = preSolution
		Debug|Any CPU = Debug|Any CPU
		Release|Any CPU = Release|Any CPU
	EndGlobalSection
	GlobalSection(ProjectConfigurationPlatforms) = postSolution
		{3F25FA29-5194-4C6E-8822-41D9A8624850}.Debug|Any CPU.ActiveCfg = Debug|Any CPU
		{3F25FA29-5194-4C6E-8822-41D9A8624850}.Debug|Any CPU.Build.0 = Debug|Any CPU
		{3F25FA29-5194-4C6E-8822-41D9A8624850}.Release|Any CPU.ActiveCfg = Release|Any CPU
		{3F25FA29-5194-4C6E-8822-41D9A8624850}.Release|Any CPU.Build.0 = Release|Any CPU
	EndGlobalSection
	GlobalSection(SolutionProperties) = preSolution
		HideSolutionNode = FALSE
	EndGlobalSection
	GlobalSection(ExtensibilityGlobals) = postSolution
		SolutionGuid = {B0A958E6-0719-4BE5-A265-06BD43FD3FA6}
	EndGlobalSection
EndGlobal
