
Microsoft Visual Studio Solution File, Format Version 12.00
# Visual Studio Version 17
VisualStudioVersion = 17.3.32825.248
MinimumVisualStudioVersion = 10.0.40219.1
Project("{FAE04EC0-301F-11D3-BF4B-00C04F79EFBC}") = "SuberliakHw1_1", "SuberliakHw1\SuberliakHw1_1.csproj", "{7F5DE0D9-0CD1-46A9-855F-9C187AB089BC}"
EndProject
Project("{FAE04EC0-301F-11D3-BF4B-00C04F79EFBC}") = "SuberliakHw1_2", "SuberliakHw1.2\SuberliakHw1_2.csproj", "{28547265-45F5-4584-AAF8-0C612E7F559C}"
EndProject
Project("{FAE04EC0-301F-11D3-BF4B-00C04F79EFBC}") = "SuberliakHw1_3", "SuberliakHw1_3\SuberliakHw1_3.csproj", "{57BAEB28-0E97-42B6-B949-2F48FE873E64}"
EndProject
Global
	GlobalSection(SolutionConfigurationPlatforms) = preSolution
		Debug|Any CPU = Debug|Any CPU
		Release|Any CPU = Release|Any CPU
	EndGlobalSection
	GlobalSection(ProjectConfigurationPlatforms) = postSolution
		{7F5DE0D9-0CD1-46A9-855F-9C187AB089BC}.Debug|Any CPU.ActiveCfg = Debug|Any CPU
		{7F5DE0D9-0CD1-46A9-855F-9C187AB089BC}.Debug|Any CPU.Build.0 = Debug|Any CPU
		{7F5DE0D9-0CD1-46A9-855F-9C187AB089BC}.Release|Any CPU.ActiveCfg = Release|Any CPU
		{7F5DE0D9-0CD1-46A9-855F-9C187AB089BC}.Release|Any CPU.Build.0 = Release|Any CPU
		{28547265-45F5-4584-AAF8-0C612E7F559C}.Debug|Any CPU.ActiveCfg = Debug|Any CPU
		{28547265-45F5-4584-AAF8-0C612E7F559C}.Debug|Any CPU.Build.0 = Debug|Any CPU
		{28547265-45F5-4584-AAF8-0C612E7F559C}.Release|Any CPU.ActiveCfg = Release|Any CPU
		{28547265-45F5-4584-AAF8-0C612E7F559C}.Release|Any CPU.Build.0 = Release|Any CPU
		{57BAEB28-0E97-42B6-B949-2F48FE873E64}.Debug|Any CPU.ActiveCfg = Debug|Any CPU
		{57BAEB28-0E97-42B6-B949-2F48FE873E64}.Debug|Any CPU.Build.0 = Debug|Any CPU
		{57BAEB28-0E97-42B6-B949-2F48FE873E64}.Release|Any CPU.ActiveCfg = Release|Any CPU
		{57BAEB28-0E97-42B6-B949-2F48FE873E64}.Release|Any CPU.Build.0 = Release|Any CPU
	EndGlobalSection
	GlobalSection(SolutionProperties) = preSolution
		HideSolutionNode = FALSE
	EndGlobalSection
	GlobalSection(ExtensibilityGlobals) = postSolution
		SolutionGuid = {24343B8E-3538-48E1-B132-C8EEB2831972}
	EndGlobalSection
EndGlobal
