
Microsoft Visual Studio Solution File, Format Version 12.00
# Visual Studio Version 17
VisualStudioVersion = 17.2.32602.215
MinimumVisualStudioVersion = 10.0.40219.1
Project("{FAE04EC0-301F-11D3-BF4B-00C04F79EFBC}") = "HW6", "HW6\HW6.csproj", "{2CA01346-0BF6-4981-9754-7C5A106453AC}"
EndProject
Global
	GlobalSection(SolutionConfigurationPlatforms) = preSolution
		Debug|Any CPU = Debug|Any CPU
		Release|Any CPU = Release|Any CPU
	EndGlobalSection
	GlobalSection(ProjectConfigurationPlatforms) = postSolution
		{2CA01346-0BF6-4981-9754-7C5A106453AC}.Debug|Any CPU.ActiveCfg = Debug|Any CPU
		{2CA01346-0BF6-4981-9754-7C5A106453AC}.Debug|Any CPU.Build.0 = Debug|Any CPU
		{2CA01346-0BF6-4981-9754-7C5A106453AC}.Release|Any CPU.ActiveCfg = Release|Any CPU
		{2CA01346-0BF6-4981-9754-7C5A106453AC}.Release|Any CPU.Build.0 = Release|Any CPU
	EndGlobalSection
	GlobalSection(SolutionProperties) = preSolution
		HideSolutionNode = FALSE
	EndGlobalSection
	GlobalSection(ExtensibilityGlobals) = postSolution
		SolutionGuid = {62FAF6C0-B1E7-4242-9A0A-E1F43184D16E}
	EndGlobalSection
EndGlobal
