
Microsoft Visual Studio Solution File, Format Version 12.00
# Visual Studio Version 17
VisualStudioVersion = 17.3.32825.248
MinimumVisualStudioVersion = 10.0.40219.1
Project("{FAE04EC0-301F-11D3-BF4B-00C04F79EFBC}") = "HW4-shevchuk", "HW4-shevchuk\HW4-shevchuk.csproj", "{B38D1D8F-DC31-4822-848C-FEBE0980ED6B}"
EndProject
Global
	GlobalSection(SolutionConfigurationPlatforms) = preSolution
		Debug|Any CPU = Debug|Any CPU
		Release|Any CPU = Release|Any CPU
	EndGlobalSection
	GlobalSection(ProjectConfigurationPlatforms) = postSolution
		{B38D1D8F-DC31-4822-848C-FEBE0980ED6B}.Debug|Any CPU.ActiveCfg = Debug|Any CPU
		{B38D1D8F-DC31-4822-848C-FEBE0980ED6B}.Debug|Any CPU.Build.0 = Debug|Any CPU
		{B38D1D8F-DC31-4822-848C-FEBE0980ED6B}.Release|Any CPU.ActiveCfg = Release|Any CPU
		{B38D1D8F-DC31-4822-848C-FEBE0980ED6B}.Release|Any CPU.Build.0 = Release|Any CPU
	EndGlobalSection
	GlobalSection(SolutionProperties) = preSolution
		HideSolutionNode = FALSE
	EndGlobalSection
	GlobalSection(ExtensibilityGlobals) = postSolution
		SolutionGuid = {DB724BAE-F26E-4A09-8AF2-FE60E917BB77}
	EndGlobalSection
EndGlobal
