
Microsoft Visual Studio Solution File, Format Version 12.00
# Visual Studio Version 17
VisualStudioVersion = 17.3.32922.545
MinimumVisualStudioVersion = 10.0.40219.1
Project("{FAE04EC0-301F-11D3-BF4B-00C04F79EFBC}") = "VSuberliakHw_3.1", "VSuberliakHw_3.1\VSuberliakHw_3.1.csproj", "{B814ACAC-8B23-4FBB-97DF-0B96BB2E082E}"
EndProject
Project("{FAE04EC0-301F-11D3-BF4B-00C04F79EFBC}") = "VSuberliakHw_3.2", "VSuberliakHw_3.2\VSuberliakHw_3.2.csproj", "{404C5CDC-6709-4352-BD91-D4814D2288E0}"
EndProject
Global
	GlobalSection(SolutionConfigurationPlatforms) = preSolution
		Debug|Any CPU = Debug|Any CPU
		Release|Any CPU = Release|Any CPU
	EndGlobalSection
	GlobalSection(ProjectConfigurationPlatforms) = postSolution
		{B814ACAC-8B23-4FBB-97DF-0B96BB2E082E}.Debug|Any CPU.ActiveCfg = Debug|Any CPU
		{B814ACAC-8B23-4FBB-97DF-0B96BB2E082E}.Debug|Any CPU.Build.0 = Debug|Any CPU
		{B814ACAC-8B23-4FBB-97DF-0B96BB2E082E}.Release|Any CPU.ActiveCfg = Release|Any CPU
		{B814ACAC-8B23-4FBB-97DF-0B96BB2E082E}.Release|Any CPU.Build.0 = Release|Any CPU
		{404C5CDC-6709-4352-BD91-D4814D2288E0}.Debug|Any CPU.ActiveCfg = Debug|Any CPU
		{404C5CDC-6709-4352-BD91-D4814D2288E0}.Debug|Any CPU.Build.0 = Debug|Any CPU
		{404C5CDC-6709-4352-BD91-D4814D2288E0}.Release|Any CPU.ActiveCfg = Release|Any CPU
		{404C5CDC-6709-4352-BD91-D4814D2288E0}.Release|Any CPU.Build.0 = Release|Any CPU
	EndGlobalSection
	GlobalSection(SolutionProperties) = preSolution
		HideSolutionNode = FALSE
	EndGlobalSection
	GlobalSection(ExtensibilityGlobals) = postSolution
		SolutionGuid = {4931B9B2-3021-442B-9D4C-E440AE87F977}
	EndGlobalSection
EndGlobal
