
Microsoft Visual Studio Solution File, Format Version 12.00
# Visual Studio Version 16
VisualStudioVersion = 16.0.31702.278
MinimumVisualStudioVersion = 10.0.40219.1
Project("{FAE04EC0-301F-11D3-BF4B-00C04F79EFBC}") = "Marichka2003_Homework_6", "Marichka2003_Homework_6\Marichka2003_Homework_6.csproj", "{8CA823BB-2C17-4E91-80CE-C3B57E6A72DE}"
EndProject
Global
	GlobalSection(SolutionConfigurationPlatforms) = preSolution
		Debug|Any CPU = Debug|Any CPU
		Release|Any CPU = Release|Any CPU
	EndGlobalSection
	GlobalSection(ProjectConfigurationPlatforms) = postSolution
		{8CA823BB-2C17-4E91-80CE-C3B57E6A72DE}.Debug|Any CPU.ActiveCfg = Debug|Any CPU
		{8CA823BB-2C17-4E91-80CE-C3B57E6A72DE}.Debug|Any CPU.Build.0 = Debug|Any CPU
		{8CA823BB-2C17-4E91-80CE-C3B57E6A72DE}.Release|Any CPU.ActiveCfg = Release|Any CPU
		{8CA823BB-2C17-4E91-80CE-C3B57E6A72DE}.Release|Any CPU.Build.0 = Release|Any CPU
	EndGlobalSection
	GlobalSection(SolutionProperties) = preSolution
		HideSolutionNode = FALSE
	EndGlobalSection
	GlobalSection(ExtensibilityGlobals) = postSolution
		SolutionGuid = {6A1A31D7-B39D-4940-B8E5-EB11BF46FD99}
	EndGlobalSection
EndGlobal
